
Microsoft Visual Studio Solution File, Format Version 12.00
# Visual Studio Version 16
VisualStudioVersion = 16.0.30413.136
MinimumVisualStudioVersion = 10.0.40219.1
Project("{FAE04EC0-301F-11D3-BF4B-00C04F79EFBC}") = "LR_Nine", "LR_Nine\LR_Nine.csproj", "{A2C610AC-893B-4A11-BFCE-56B7D6ADAC28}"
EndProject
Global
	GlobalSection(SolutionConfigurationPlatforms) = preSolution
		Debug|Any CPU = Debug|Any CPU
		Release|Any CPU = Release|Any CPU
	EndGlobalSection
	GlobalSection(ProjectConfigurationPlatforms) = postSolution
		{A2C610AC-893B-4A11-BFCE-56B7D6ADAC28}.Debug|Any CPU.ActiveCfg = Debug|Any CPU
		{A2C610AC-893B-4A11-BFCE-56B7D6ADAC28}.Debug|Any CPU.Build.0 = Debug|Any CPU
		{A2C610AC-893B-4A11-BFCE-56B7D6ADAC28}.Release|Any CPU.ActiveCfg = Release|Any CPU
		{A2C610AC-893B-4A11-BFCE-56B7D6ADAC28}.Release|Any CPU.Build.0 = Release|Any CPU
	EndGlobalSection
	GlobalSection(SolutionProperties) = preSolution
		HideSolutionNode = FALSE
	EndGlobalSection
	GlobalSection(ExtensibilityGlobals) = postSolution
		SolutionGuid = {DE963108-3029-4909-B906-3E2F8163CDAE}
	EndGlobalSection
EndGlobal
